
Microsoft Visual Studio Solution File, Format Version 12.00
# Visual Studio Version 17
VisualStudioVersion = 17.2.32630.192
MinimumVisualStudioVersion = 10.0.40219.1
Project("{FAE04EC0-301F-11D3-BF4B-00C04F79EFBC}") = "Proj_ONG_ResGatinhos_Dapper", "Proj_ONG_ResGatinhos_Dapper\Proj_ONG_ResGatinhos_Dapper.csproj", "{1CA75364-C912-4179-AC4C-ADCE17585CF4}"
EndProject
Global
	GlobalSection(SolutionConfigurationPlatforms) = preSolution
		Debug|Any CPU = Debug|Any CPU
		Release|Any CPU = Release|Any CPU
	EndGlobalSection
	GlobalSection(ProjectConfigurationPlatforms) = postSolution
		{1CA75364-C912-4179-AC4C-ADCE17585CF4}.Debug|Any CPU.ActiveCfg = Debug|Any CPU
		{1CA75364-C912-4179-AC4C-ADCE17585CF4}.Debug|Any CPU.Build.0 = Debug|Any CPU
		{1CA75364-C912-4179-AC4C-ADCE17585CF4}.Release|Any CPU.ActiveCfg = Release|Any CPU
		{1CA75364-C912-4179-AC4C-ADCE17585CF4}.Release|Any CPU.Build.0 = Release|Any CPU
	EndGlobalSection
	GlobalSection(SolutionProperties) = preSolution
		HideSolutionNode = FALSE
	EndGlobalSection
	GlobalSection(ExtensibilityGlobals) = postSolution
		SolutionGuid = {BD7067F7-4A1D-4553-B08E-1D8BDD55A76B}
	EndGlobalSection
EndGlobal
